
Microsoft Visual Studio Solution File, Format Version 12.00
# Visual Studio 15
Project("{FAE04EC0-301F-11D3-BF4B-00C04F79EFBC}") = "Unity.Timeline", "Unity.Timeline.csproj", "{0C0DFB8A-6951-6A7F-2E3E-4524EF6FBBF0}"
EndProject
Project("{FAE04EC0-301F-11D3-BF4B-00C04F79EFBC}") = "Unity.Timeline.Editor", "Unity.Timeline.Editor.csproj", "{088CC533-FDCC-751C-8E95-4E8D2F99B1D6}"
EndProject
Project("{FAE04EC0-301F-11D3-BF4B-00C04F79EFBC}") = "Unity.TextMeshPro.Editor", "Unity.TextMeshPro.Editor.csproj", "{6B91F095-1DC6-27ED-624C-A07D5D9AFAB7}"
EndProject
Project("{FAE04EC0-301F-11D3-BF4B-00C04F79EFBC}") = "Unity.XR.Management", "Unity.XR.Management.csproj", "{1DBDB172-0B0E-8B24-E193-1CDF83C56B0B}"
EndProject
Project("{FAE04EC0-301F-11D3-BF4B-00C04F79EFBC}") = "VRC.Udon.Serialization.OdinSerializer", "VRC.Udon.Serialization.OdinSerializer.csproj", "{B9162E89-B079-84C1-1B2C-50137F83ABAF}"
EndProject
Project("{FAE04EC0-301F-11D3-BF4B-00C04F79EFBC}") = "UnityEditor.UI", "UnityEditor.UI.csproj", "{C14935B8-FBF3-94A7-9787-005BBA015D6E}"
EndProject
Project("{FAE04EC0-301F-11D3-BF4B-00C04F79EFBC}") = "Unity.InputSystem", "Unity.InputSystem.csproj", "{5E0DA24E-9EA4-8567-7C63-89D2DA3B0D4A}"
EndProject
Project("{FAE04EC0-301F-11D3-BF4B-00C04F79EFBC}") = "Unity.Mathematics", "Unity.Mathematics.csproj", "{A4415E4D-F7A6-11CE-C87C-1610EAACE889}"
EndProject
Project("{FAE04EC0-301F-11D3-BF4B-00C04F79EFBC}") = "Cinemachine", "Cinemachine.csproj", "{C6FEC03B-59B1-4FC7-4283-1C2D13064AEF}"
EndProject
Project("{FAE04EC0-301F-11D3-BF4B-00C04F79EFBC}") = "Unity.Collections", "Unity.Collections.csproj", "{611455A8-C4B4-7D9C-B360-31E4A2A136E6}"
EndProject
Project("{FAE04EC0-301F-11D3-BF4B-00C04F79EFBC}") = "UdonSharp.Editor", "UdonSharp.Editor.csproj", "{76E011B1-3B2A-B0C9-A102-8AB8641CBAD8}"
EndProject
Project("{FAE04EC0-301F-11D3-BF4B-00C04F79EFBC}") = "UnityEditor.TestRunner", "UnityEditor.TestRunner.csproj", "{279B3FB8-3EA3-6AEB-64C9-269D52759495}"
EndProject
Project("{FAE04EC0-301F-11D3-BF4B-00C04F79EFBC}") = "VRC.Udon.Editor", "VRC.Udon.Editor.csproj", "{7261818B-A8C2-18EE-5844-36C140EF5291}"
EndProject
Project("{FAE04EC0-301F-11D3-BF4B-00C04F79EFBC}") = "VRC.SDKBase.Editor", "VRC.SDKBase.Editor.csproj", "{6FE81EA2-EA2D-DBA9-FAE9-89EBC9B1C8BD}"
EndProject
Project("{FAE04EC0-301F-11D3-BF4B-00C04F79EFBC}") = "UnityEngine.TestRunner", "UnityEngine.TestRunner.csproj", "{FA54C695-B595-F48A-AF0B-78A8DB432143}"
EndProject
Project("{FAE04EC0-301F-11D3-BF4B-00C04F79EFBC}") = "UniTask", "UniTask.csproj", "{A4BA013A-AF99-D8B4-BCF2-9EF67F189BB5}"
EndProject
Project("{FAE04EC0-301F-11D3-BF4B-00C04F79EFBC}") = "VRC.ClientSim", "VRC.ClientSim.csproj", "{8504515E-299B-3E7D-AC6A-55D54C58DC57}"
EndProject
Project("{FAE04EC0-301F-11D3-BF4B-00C04F79EFBC}") = "UniTask.Linq", "UniTask.Linq.csproj", "{2AE5BAFD-02C7-2795-3A87-62BE8E52EA2C}"
EndProject
Project("{FAE04EC0-301F-11D3-BF4B-00C04F79EFBC}") = "Unity.XR.Oculus", "Unity.XR.Oculus.csproj", "{6B975896-D7F3-D44E-D427-6A4877BB1BA0}"
EndProject
Project("{FAE04EC0-301F-11D3-BF4B-00C04F79EFBC}") = "Unity.Burst", "Unity.Burst.csproj", "{04AB49D9-C717-5FE6-2CB7-AB49CFD50683}"
EndProject
Project("{FAE04EC0-301F-11D3-BF4B-00C04F79EFBC}") = "Unity.XR.Management.Editor", "Unity.XR.Management.Editor.csproj", "{F62E76EB-99D2-322E-B046-B5C35ADEFE52}"
EndProject
Project("{FAE04EC0-301F-11D3-BF4B-00C04F79EFBC}") = "VRC.SDKBase", "VRC.SDKBase.csproj", "{ACCBC9EA-4D14-7D3E-E203-59DBF3696E70}"
EndProject
Project("{FAE04EC0-301F-11D3-BF4B-00C04F79EFBC}") = "UnityEngine.UI", "UnityEngine.UI.csproj", "{F7B4E10E-024B-3421-3A41-DCF4E03F677C}"
EndProject
Project("{FAE04EC0-301F-11D3-BF4B-00C04F79EFBC}") = "Unity.AI.Navigation.Editor", "Unity.AI.Navigation.Editor.csproj", "{F39C6718-8A20-C694-32B8-3E0574566EB1}"
EndProject
Project("{FAE04EC0-301F-11D3-BF4B-00C04F79EFBC}") = "VRC.ClientSim.Editor", "VRC.ClientSim.Editor.csproj", "{E098CDCA-1932-83EC-7C31-6C5345CA41A9}"
EndProject
Project("{FAE04EC0-301F-11D3-BF4B-00C04F79EFBC}") = "VRC.SDK3", "VRC.SDK3.csproj", "{EDDA3A3D-6935-0408-E8E0-AF9DAAAD91C4}"
EndProject
Project("{FAE04EC0-301F-11D3-BF4B-00C04F79EFBC}") = "Unity.VisualStudio.Editor", "Unity.VisualStudio.Editor.csproj", "{C03DA3FC-C149-D5C1-04A1-EFC59744FC9B}"
EndProject
Project("{FAE04EC0-301F-11D3-BF4B-00C04F79EFBC}") = "Assembly-CSharp", "Assembly-CSharp.csproj", "{CC9B9F8D-4006-14B3-7072-CD0A92CD0800}"
EndProject
Project("{FAE04EC0-301F-11D3-BF4B-00C04F79EFBC}") = "Unity.XR.Oculus.Editor", "Unity.XR.Oculus.Editor.csproj", "{AC503732-EE4D-5DE6-736B-F64823C65099}"
EndProject
Project("{FAE04EC0-301F-11D3-BF4B-00C04F79EFBC}") = "com.unity.cinemachine.editor", "com.unity.cinemachine.editor.csproj", "{576E1235-174E-CD01-46EB-8240F3B24483}"
EndProject
Project("{FAE04EC0-301F-11D3-BF4B-00C04F79EFBC}") = "VRC.SDK3.Editor", "VRC.SDK3.Editor.csproj", "{2C0ECFE8-1E64-F1C5-71CD-D383D7813A8A}"
EndProject
Project("{FAE04EC0-301F-11D3-BF4B-00C04F79EFBC}") = "UniTask.DOTween", "UniTask.DOTween.csproj", "{A4F9646B-C01A-6E93-A8A2-A00BD492943A}"
EndProject
Project("{FAE04EC0-301F-11D3-BF4B-00C04F79EFBC}") = "Unity.Rider.Editor", "Unity.Rider.Editor.csproj", "{7FD46561-941B-18D9-EC7D-BEF2606BFD6E}"
EndProject
Project("{FAE04EC0-301F-11D3-BF4B-00C04F79EFBC}") = "Unity.Postprocessing.Runtime", "Unity.Postprocessing.Runtime.csproj", "{AC6C2BD7-6D8F-BC75-8DB7-0AA9F41A363B}"
EndProject
Project("{FAE04EC0-301F-11D3-BF4B-00C04F79EFBC}") = "Unity.AI.Navigation", "Unity.AI.Navigation.csproj", "{FCF0D48F-1644-90D3-3B80-0E8959BCB028}"
EndProject
Project("{FAE04EC0-301F-11D3-BF4B-00C04F79EFBC}") = "Unity.AI.Navigation.Editor.ConversionSystem", "Unity.AI.Navigation.Editor.ConversionSystem.csproj", "{87D01C4E-A54C-0940-5D9F-510E609ABDD7}"
EndProject
Project("{FAE04EC0-301F-11D3-BF4B-00C04F79EFBC}") = "UnityEditor.XR.LegacyInputHelpers", "UnityEditor.XR.LegacyInputHelpers.csproj", "{2F4A68FF-EB2C-CF15-9EF0-BDB8056AB129}"
EndProject
Project("{FAE04EC0-301F-11D3-BF4B-00C04F79EFBC}") = "Unity.Burst.CodeGen", "Unity.Burst.CodeGen.csproj", "{FB8072FF-83E1-2ECE-1CE0-10D6B966075B}"
EndProject
Project("{FAE04EC0-301F-11D3-BF4B-00C04F79EFBC}") = "UnityEditorTests", "UnityEditorTests.csproj", "{9AAC3EDE-59B4-CBEF-28D6-1AF7993239B9}"
EndProject
Project("{FAE04EC0-301F-11D3-BF4B-00C04F79EFBC}") = "Unity.Postprocessing.Editor", "Unity.Postprocessing.Editor.csproj", "{6FBBB481-5F0B-DF66-8551-0DFA72C793A7}"
EndProject
Project("{FAE04EC0-301F-11D3-BF4B-00C04F79EFBC}") = "Unity.TextMeshPro", "Unity.TextMeshPro.csproj", "{8F5F693C-EDA0-207B-E027-5D6CFB54DA8A}"
EndProject
Project("{FAE04EC0-301F-11D3-BF4B-00C04F79EFBC}") = "Happyrobot33.VRCSDKDocumentationProject", "Happyrobot33.VRCSDKDocumentationProject.csproj", "{4B546225-1CAC-10B1-3E2B-84EE25C06FBB}"
EndProject
Project("{FAE04EC0-301F-11D3-BF4B-00C04F79EFBC}") = "VRC.Udon", "VRC.Udon.csproj", "{2484213A-7BFB-878C-AF42-93EC5158C00D}"
EndProject
Project("{FAE04EC0-301F-11D3-BF4B-00C04F79EFBC}") = "Unity.Burst.Editor", "Unity.Burst.Editor.csproj", "{1A03E31C-1B26-56B3-E787-FC5FFBC877D2}"
EndProject
Project("{FAE04EC0-301F-11D3-BF4B-00C04F79EFBC}") = "Unity.AI.Navigation.Updater", "Unity.AI.Navigation.Updater.csproj", "{73743FF5-5F6B-8A45-CFA5-F7999F064EC9}"
EndProject
Project("{FAE04EC0-301F-11D3-BF4B-00C04F79EFBC}") = "UnityEditor.SpatialTracking", "UnityEditor.SpatialTracking.csproj", "{3EAB3CA5-69DB-337E-7FF4-C0DA14498084}"
EndProject
Project("{FAE04EC0-301F-11D3-BF4B-00C04F79EFBC}") = "com.vrchat.core.vpm-resolver.Editor", "com.vrchat.core.vpm-resolver.Editor.csproj", "{A43D2C67-1855-A9B2-273D-49B973829BE2}"
EndProject
Project("{FAE04EC0-301F-11D3-BF4B-00C04F79EFBC}") = "VRC.SDKBase.Editor.ShaderStripping", "VRC.SDKBase.Editor.ShaderStripping.csproj", "{667D5C7E-C959-B682-E230-EACC18DB07D0}"
EndProject
Project("{FAE04EC0-301F-11D3-BF4B-00C04F79EFBC}") = "UdonSharp.Runtime", "UdonSharp.Runtime.csproj", "{B5FE13C6-796F-8DDE-B0A2-10A6D7CC2B7C}"
EndProject
Project("{FAE04EC0-301F-11D3-BF4B-00C04F79EFBC}") = "UnityEngine.SpatialTracking", "UnityEngine.SpatialTracking.csproj", "{01C7EF0D-4242-198C-96CA-F416345C7A22}"
EndProject
Project("{FAE04EC0-301F-11D3-BF4B-00C04F79EFBC}") = "UniTask.Editor", "UniTask.Editor.csproj", "{C1B4B5A8-7E8D-805F-2BAF-F286B3520FAF}"
EndProject
Project("{FAE04EC0-301F-11D3-BF4B-00C04F79EFBC}") = "Unity.InputSystem.ForUI", "Unity.InputSystem.ForUI.csproj", "{FEF3BC82-CC36-63AD-AA05-209070B7CC68}"
EndProject
Project("{FAE04EC0-301F-11D3-BF4B-00C04F79EFBC}") = "Unity.Collections.CodeGen", "Unity.Collections.CodeGen.csproj", "{A9760D26-7D68-F0F2-706D-62F11A050402}"
EndProject
Project("{FAE04EC0-301F-11D3-BF4B-00C04F79EFBC}") = "Unity.Mathematics.Editor", "Unity.Mathematics.Editor.csproj", "{6F5D0AFC-C3FC-757D-79A1-A0175D42DC42}"
EndProject
Project("{FAE04EC0-301F-11D3-BF4B-00C04F79EFBC}") = "UdonSharp.Lib", "UdonSharp.Lib.csproj", "{AD353577-AD2A-6542-8DEC-9F965B788DA2}"
EndProject
Project("{FAE04EC0-301F-11D3-BF4B-00C04F79EFBC}") = "VRC.SDKBase.Editor.BuildPipeline", "VRC.SDKBase.Editor.BuildPipeline.csproj", "{6FB71A91-EC06-F907-C045-264B15C29E01}"
EndProject
Project("{FAE04EC0-301F-11D3-BF4B-00C04F79EFBC}") = "Unity.Collections.Editor", "Unity.Collections.Editor.csproj", "{88062D9A-A411-C90A-FA80-7FFF4F66AF84}"
EndProject
Project("{FAE04EC0-301F-11D3-BF4B-00C04F79EFBC}") = "Unity.InputSystem.TestFramework", "Unity.InputSystem.TestFramework.csproj", "{0D3D9537-9351-A3C0-ADE2-575A2A4D905D}"
EndProject
Project("{FAE04EC0-301F-11D3-BF4B-00C04F79EFBC}") = "UnityEngine.XR.LegacyInputHelpers", "UnityEngine.XR.LegacyInputHelpers.csproj", "{A895BEB1-5391-C957-06CF-77B17EB6B281}"
EndProject
Project("{FAE04EC0-301F-11D3-BF4B-00C04F79EFBC}") = "UniTask.Addressables", "UniTask.Addressables.csproj", "{BC64E8AA-11EF-F7B8-A91E-B3A3EC660872}"
EndProject
Project("{FAE04EC0-301F-11D3-BF4B-00C04F79EFBC}") = "UniTask.TextMeshPro", "UniTask.TextMeshPro.csproj", "{3FF3E127-3CBD-5AC2-4FDB-7641FEBC8794}"
EndProject
Global
	GlobalSection(SolutionConfigurationPlatforms) = preSolution
		Debug|Any CPU = Debug|Any CPU
		Release|Any CPU = Release|Any CPU
	EndGlobalSection
	GlobalSection(ProjectConfigurationPlatforms) = postSolution
		{0C0DFB8A-6951-6A7F-2E3E-4524EF6FBBF0}.Debug|Any CPU.ActiveCfg = Debug|Any CPU
		{0C0DFB8A-6951-6A7F-2E3E-4524EF6FBBF0}.Debug|Any CPU.Build.0 = Debug|Any CPU
		{0C0DFB8A-6951-6A7F-2E3E-4524EF6FBBF0}.Release|Any CPU.ActiveCfg = Release|Any CPU
		{0C0DFB8A-6951-6A7F-2E3E-4524EF6FBBF0}.Release|Any CPU.Build.0 = Release|Any CPU
		{088CC533-FDCC-751C-8E95-4E8D2F99B1D6}.Debug|Any CPU.ActiveCfg = Debug|Any CPU
		{088CC533-FDCC-751C-8E95-4E8D2F99B1D6}.Debug|Any CPU.Build.0 = Debug|Any CPU
		{088CC533-FDCC-751C-8E95-4E8D2F99B1D6}.Release|Any CPU.ActiveCfg = Release|Any CPU
		{088CC533-FDCC-751C-8E95-4E8D2F99B1D6}.Release|Any CPU.Build.0 = Release|Any CPU
		{6B91F095-1DC6-27ED-624C-A07D5D9AFAB7}.Debug|Any CPU.ActiveCfg = Debug|Any CPU
		{6B91F095-1DC6-27ED-624C-A07D5D9AFAB7}.Debug|Any CPU.Build.0 = Debug|Any CPU
		{6B91F095-1DC6-27ED-624C-A07D5D9AFAB7}.Release|Any CPU.ActiveCfg = Release|Any CPU
		{6B91F095-1DC6-27ED-624C-A07D5D9AFAB7}.Release|Any CPU.Build.0 = Release|Any CPU
		{1DBDB172-0B0E-8B24-E193-1CDF83C56B0B}.Debug|Any CPU.ActiveCfg = Debug|Any CPU
		{1DBDB172-0B0E-8B24-E193-1CDF83C56B0B}.Debug|Any CPU.Build.0 = Debug|Any CPU
		{1DBDB172-0B0E-8B24-E193-1CDF83C56B0B}.Release|Any CPU.ActiveCfg = Release|Any CPU
		{1DBDB172-0B0E-8B24-E193-1CDF83C56B0B}.Release|Any CPU.Build.0 = Release|Any CPU
		{B9162E89-B079-84C1-1B2C-50137F83ABAF}.Debug|Any CPU.ActiveCfg = Debug|Any CPU
		{B9162E89-B079-84C1-1B2C-50137F83ABAF}.Debug|Any CPU.Build.0 = Debug|Any CPU
		{B9162E89-B079-84C1-1B2C-50137F83ABAF}.Release|Any CPU.ActiveCfg = Release|Any CPU
		{B9162E89-B079-84C1-1B2C-50137F83ABAF}.Release|Any CPU.Build.0 = Release|Any CPU
		{C14935B8-FBF3-94A7-9787-005BBA015D6E}.Debug|Any CPU.ActiveCfg = Debug|Any CPU
		{C14935B8-FBF3-94A7-9787-005BBA015D6E}.Debug|Any CPU.Build.0 = Debug|Any CPU
		{C14935B8-FBF3-94A7-9787-005BBA015D6E}.Release|Any CPU.ActiveCfg = Release|Any CPU
		{C14935B8-FBF3-94A7-9787-005BBA015D6E}.Release|Any CPU.Build.0 = Release|Any CPU
		{5E0DA24E-9EA4-8567-7C63-89D2DA3B0D4A}.Debug|Any CPU.ActiveCfg = Debug|Any CPU
		{5E0DA24E-9EA4-8567-7C63-89D2DA3B0D4A}.Debug|Any CPU.Build.0 = Debug|Any CPU
		{5E0DA24E-9EA4-8567-7C63-89D2DA3B0D4A}.Release|Any CPU.ActiveCfg = Release|Any CPU
		{5E0DA24E-9EA4-8567-7C63-89D2DA3B0D4A}.Release|Any CPU.Build.0 = Release|Any CPU
		{A4415E4D-F7A6-11CE-C87C-1610EAACE889}.Debug|Any CPU.ActiveCfg = Debug|Any CPU
		{A4415E4D-F7A6-11CE-C87C-1610EAACE889}.Debug|Any CPU.Build.0 = Debug|Any CPU
		{A4415E4D-F7A6-11CE-C87C-1610EAACE889}.Release|Any CPU.ActiveCfg = Release|Any CPU
		{A4415E4D-F7A6-11CE-C87C-1610EAACE889}.Release|Any CPU.Build.0 = Release|Any CPU
		{C6FEC03B-59B1-4FC7-4283-1C2D13064AEF}.Debug|Any CPU.ActiveCfg = Debug|Any CPU
		{C6FEC03B-59B1-4FC7-4283-1C2D13064AEF}.Debug|Any CPU.Build.0 = Debug|Any CPU
		{C6FEC03B-59B1-4FC7-4283-1C2D13064AEF}.Release|Any CPU.ActiveCfg = Release|Any CPU
		{C6FEC03B-59B1-4FC7-4283-1C2D13064AEF}.Release|Any CPU.Build.0 = Release|Any CPU
		{611455A8-C4B4-7D9C-B360-31E4A2A136E6}.Debug|Any CPU.ActiveCfg = Debug|Any CPU
		{611455A8-C4B4-7D9C-B360-31E4A2A136E6}.Debug|Any CPU.Build.0 = Debug|Any CPU
		{611455A8-C4B4-7D9C-B360-31E4A2A136E6}.Release|Any CPU.ActiveCfg = Release|Any CPU
		{611455A8-C4B4-7D9C-B360-31E4A2A136E6}.Release|Any CPU.Build.0 = Release|Any CPU
		{76E011B1-3B2A-B0C9-A102-8AB8641CBAD8}.Debug|Any CPU.ActiveCfg = Debug|Any CPU
		{76E011B1-3B2A-B0C9-A102-8AB8641CBAD8}.Debug|Any CPU.Build.0 = Debug|Any CPU
		{76E011B1-3B2A-B0C9-A102-8AB8641CBAD8}.Release|Any CPU.ActiveCfg = Release|Any CPU
		{76E011B1-3B2A-B0C9-A102-8AB8641CBAD8}.Release|Any CPU.Build.0 = Release|Any CPU
		{279B3FB8-3EA3-6AEB-64C9-269D52759495}.Debug|Any CPU.ActiveCfg = Debug|Any CPU
		{279B3FB8-3EA3-6AEB-64C9-269D52759495}.Debug|Any CPU.Build.0 = Debug|Any CPU
		{279B3FB8-3EA3-6AEB-64C9-269D52759495}.Release|Any CPU.ActiveCfg = Release|Any CPU
		{279B3FB8-3EA3-6AEB-64C9-269D52759495}.Release|Any CPU.Build.0 = Release|Any CPU
		{7261818B-A8C2-18EE-5844-36C140EF5291}.Debug|Any CPU.ActiveCfg = Debug|Any CPU
		{7261818B-A8C2-18EE-5844-36C140EF5291}.Debug|Any CPU.Build.0 = Debug|Any CPU
		{7261818B-A8C2-18EE-5844-36C140EF5291}.Release|Any CPU.ActiveCfg = Release|Any CPU
		{7261818B-A8C2-18EE-5844-36C140EF5291}.Release|Any CPU.Build.0 = Release|Any CPU
		{6FE81EA2-EA2D-DBA9-FAE9-89EBC9B1C8BD}.Debug|Any CPU.ActiveCfg = Debug|Any CPU
		{6FE81EA2-EA2D-DBA9-FAE9-89EBC9B1C8BD}.Debug|Any CPU.Build.0 = Debug|Any CPU
		{6FE81EA2-EA2D-DBA9-FAE9-89EBC9B1C8BD}.Release|Any CPU.ActiveCfg = Release|Any CPU
		{6FE81EA2-EA2D-DBA9-FAE9-89EBC9B1C8BD}.Release|Any CPU.Build.0 = Release|Any CPU
		{FA54C695-B595-F48A-AF0B-78A8DB432143}.Debug|Any CPU.ActiveCfg = Debug|Any CPU
		{FA54C695-B595-F48A-AF0B-78A8DB432143}.Debug|Any CPU.Build.0 = Debug|Any CPU
		{FA54C695-B595-F48A-AF0B-78A8DB432143}.Release|Any CPU.ActiveCfg = Release|Any CPU
		{FA54C695-B595-F48A-AF0B-78A8DB432143}.Release|Any CPU.Build.0 = Release|Any CPU
		{A4BA013A-AF99-D8B4-BCF2-9EF67F189BB5}.Debug|Any CPU.ActiveCfg = Debug|Any CPU
		{A4BA013A-AF99-D8B4-BCF2-9EF67F189BB5}.Debug|Any CPU.Build.0 = Debug|Any CPU
		{A4BA013A-AF99-D8B4-BCF2-9EF67F189BB5}.Release|Any CPU.ActiveCfg = Release|Any CPU
		{A4BA013A-AF99-D8B4-BCF2-9EF67F189BB5}.Release|Any CPU.Build.0 = Release|Any CPU
		{8504515E-299B-3E7D-AC6A-55D54C58DC57}.Debug|Any CPU.ActiveCfg = Debug|Any CPU
		{8504515E-299B-3E7D-AC6A-55D54C58DC57}.Debug|Any CPU.Build.0 = Debug|Any CPU
		{8504515E-299B-3E7D-AC6A-55D54C58DC57}.Release|Any CPU.ActiveCfg = Release|Any CPU
		{8504515E-299B-3E7D-AC6A-55D54C58DC57}.Release|Any CPU.Build.0 = Release|Any CPU
		{2AE5BAFD-02C7-2795-3A87-62BE8E52EA2C}.Debug|Any CPU.ActiveCfg = Debug|Any CPU
		{2AE5BAFD-02C7-2795-3A87-62BE8E52EA2C}.Debug|Any CPU.Build.0 = Debug|Any CPU
		{2AE5BAFD-02C7-2795-3A87-62BE8E52EA2C}.Release|Any CPU.ActiveCfg = Release|Any CPU
		{2AE5BAFD-02C7-2795-3A87-62BE8E52EA2C}.Release|Any CPU.Build.0 = Release|Any CPU
		{6B975896-D7F3-D44E-D427-6A4877BB1BA0}.Debug|Any CPU.ActiveCfg = Debug|Any CPU
		{6B975896-D7F3-D44E-D427-6A4877BB1BA0}.Debug|Any CPU.Build.0 = Debug|Any CPU
		{6B975896-D7F3-D44E-D427-6A4877BB1BA0}.Release|Any CPU.ActiveCfg = Release|Any CPU
		{6B975896-D7F3-D44E-D427-6A4877BB1BA0}.Release|Any CPU.Build.0 = Release|Any CPU
		{04AB49D9-C717-5FE6-2CB7-AB49CFD50683}.Debug|Any CPU.ActiveCfg = Debug|Any CPU
		{04AB49D9-C717-5FE6-2CB7-AB49CFD50683}.Debug|Any CPU.Build.0 = Debug|Any CPU
		{04AB49D9-C717-5FE6-2CB7-AB49CFD50683}.Release|Any CPU.ActiveCfg = Release|Any CPU
		{04AB49D9-C717-5FE6-2CB7-AB49CFD50683}.Release|Any CPU.Build.0 = Release|Any CPU
		{F62E76EB-99D2-322E-B046-B5C35ADEFE52}.Debug|Any CPU.ActiveCfg = Debug|Any CPU
		{F62E76EB-99D2-322E-B046-B5C35ADEFE52}.Debug|Any CPU.Build.0 = Debug|Any CPU
		{F62E76EB-99D2-322E-B046-B5C35ADEFE52}.Release|Any CPU.ActiveCfg = Release|Any CPU
		{F62E76EB-99D2-322E-B046-B5C35ADEFE52}.Release|Any CPU.Build.0 = Release|Any CPU
		{ACCBC9EA-4D14-7D3E-E203-59DBF3696E70}.Debug|Any CPU.ActiveCfg = Debug|Any CPU
		{ACCBC9EA-4D14-7D3E-E203-59DBF3696E70}.Debug|Any CPU.Build.0 = Debug|Any CPU
		{ACCBC9EA-4D14-7D3E-E203-59DBF3696E70}.Release|Any CPU.ActiveCfg = Release|Any CPU
		{ACCBC9EA-4D14-7D3E-E203-59DBF3696E70}.Release|Any CPU.Build.0 = Release|Any CPU
		{F7B4E10E-024B-3421-3A41-DCF4E03F677C}.Debug|Any CPU.ActiveCfg = Debug|Any CPU
		{F7B4E10E-024B-3421-3A41-DCF4E03F677C}.Debug|Any CPU.Build.0 = Debug|Any CPU
		{F7B4E10E-024B-3421-3A41-DCF4E03F677C}.Release|Any CPU.ActiveCfg = Release|Any CPU
		{F7B4E10E-024B-3421-3A41-DCF4E03F677C}.Release|Any CPU.Build.0 = Release|Any CPU
		{F39C6718-8A20-C694-32B8-3E0574566EB1}.Debug|Any CPU.ActiveCfg = Debug|Any CPU
		{F39C6718-8A20-C694-32B8-3E0574566EB1}.Debug|Any CPU.Build.0 = Debug|Any CPU
		{F39C6718-8A20-C694-32B8-3E0574566EB1}.Release|Any CPU.ActiveCfg = Release|Any CPU
		{F39C6718-8A20-C694-32B8-3E0574566EB1}.Release|Any CPU.Build.0 = Release|Any CPU
		{E098CDCA-1932-83EC-7C31-6C5345CA41A9}.Debug|Any CPU.ActiveCfg = Debug|Any CPU
		{E098CDCA-1932-83EC-7C31-6C5345CA41A9}.Debug|Any CPU.Build.0 = Debug|Any CPU
		{E098CDCA-1932-83EC-7C31-6C5345CA41A9}.Release|Any CPU.ActiveCfg = Release|Any CPU
		{E098CDCA-1932-83EC-7C31-6C5345CA41A9}.Release|Any CPU.Build.0 = Release|Any CPU
		{EDDA3A3D-6935-0408-E8E0-AF9DAAAD91C4}.Debug|Any CPU.ActiveCfg = Debug|Any CPU
		{EDDA3A3D-6935-0408-E8E0-AF9DAAAD91C4}.Debug|Any CPU.Build.0 = Debug|Any CPU
		{EDDA3A3D-6935-0408-E8E0-AF9DAAAD91C4}.Release|Any CPU.ActiveCfg = Release|Any CPU
		{EDDA3A3D-6935-0408-E8E0-AF9DAAAD91C4}.Release|Any CPU.Build.0 = Release|Any CPU
		{C03DA3FC-C149-D5C1-04A1-EFC59744FC9B}.Debug|Any CPU.ActiveCfg = Debug|Any CPU
		{C03DA3FC-C149-D5C1-04A1-EFC59744FC9B}.Debug|Any CPU.Build.0 = Debug|Any CPU
		{C03DA3FC-C149-D5C1-04A1-EFC59744FC9B}.Release|Any CPU.ActiveCfg = Release|Any CPU
		{C03DA3FC-C149-D5C1-04A1-EFC59744FC9B}.Release|Any CPU.Build.0 = Release|Any CPU
		{CC9B9F8D-4006-14B3-7072-CD0A92CD0800}.Debug|Any CPU.ActiveCfg = Debug|Any CPU
		{CC9B9F8D-4006-14B3-7072-CD0A92CD0800}.Debug|Any CPU.Build.0 = Debug|Any CPU
		{CC9B9F8D-4006-14B3-7072-CD0A92CD0800}.Release|Any CPU.ActiveCfg = Release|Any CPU
		{CC9B9F8D-4006-14B3-7072-CD0A92CD0800}.Release|Any CPU.Build.0 = Release|Any CPU
		{AC503732-EE4D-5DE6-736B-F64823C65099}.Debug|Any CPU.ActiveCfg = Debug|Any CPU
		{AC503732-EE4D-5DE6-736B-F64823C65099}.Debug|Any CPU.Build.0 = Debug|Any CPU
		{AC503732-EE4D-5DE6-736B-F64823C65099}.Release|Any CPU.ActiveCfg = Release|Any CPU
		{AC503732-EE4D-5DE6-736B-F64823C65099}.Release|Any CPU.Build.0 = Release|Any CPU
		{576E1235-174E-CD01-46EB-8240F3B24483}.Debug|Any CPU.ActiveCfg = Debug|Any CPU
		{576E1235-174E-CD01-46EB-8240F3B24483}.Debug|Any CPU.Build.0 = Debug|Any CPU
		{576E1235-174E-CD01-46EB-8240F3B24483}.Release|Any CPU.ActiveCfg = Release|Any CPU
		{576E1235-174E-CD01-46EB-8240F3B24483}.Release|Any CPU.Build.0 = Release|Any CPU
		{2C0ECFE8-1E64-F1C5-71CD-D383D7813A8A}.Debug|Any CPU.ActiveCfg = Debug|Any CPU
		{2C0ECFE8-1E64-F1C5-71CD-D383D7813A8A}.Debug|Any CPU.Build.0 = Debug|Any CPU
		{2C0ECFE8-1E64-F1C5-71CD-D383D7813A8A}.Release|Any CPU.ActiveCfg = Release|Any CPU
		{2C0ECFE8-1E64-F1C5-71CD-D383D7813A8A}.Release|Any CPU.Build.0 = Release|Any CPU
		{A4F9646B-C01A-6E93-A8A2-A00BD492943A}.Debug|Any CPU.ActiveCfg = Debug|Any CPU
		{A4F9646B-C01A-6E93-A8A2-A00BD492943A}.Debug|Any CPU.Build.0 = Debug|Any CPU
		{A4F9646B-C01A-6E93-A8A2-A00BD492943A}.Release|Any CPU.ActiveCfg = Release|Any CPU
		{A4F9646B-C01A-6E93-A8A2-A00BD492943A}.Release|Any CPU.Build.0 = Release|Any CPU
		{7FD46561-941B-18D9-EC7D-BEF2606BFD6E}.Debug|Any CPU.ActiveCfg = Debug|Any CPU
		{7FD46561-941B-18D9-EC7D-BEF2606BFD6E}.Debug|Any CPU.Build.0 = Debug|Any CPU
		{7FD46561-941B-18D9-EC7D-BEF2606BFD6E}.Release|Any CPU.ActiveCfg = Release|Any CPU
		{7FD46561-941B-18D9-EC7D-BEF2606BFD6E}.Release|Any CPU.Build.0 = Release|Any CPU
		{AC6C2BD7-6D8F-BC75-8DB7-0AA9F41A363B}.Debug|Any CPU.ActiveCfg = Debug|Any CPU
		{AC6C2BD7-6D8F-BC75-8DB7-0AA9F41A363B}.Debug|Any CPU.Build.0 = Debug|Any CPU
		{AC6C2BD7-6D8F-BC75-8DB7-0AA9F41A363B}.Release|Any CPU.ActiveCfg = Release|Any CPU
		{AC6C2BD7-6D8F-BC75-8DB7-0AA9F41A363B}.Release|Any CPU.Build.0 = Release|Any CPU
		{FCF0D48F-1644-90D3-3B80-0E8959BCB028}.Debug|Any CPU.ActiveCfg = Debug|Any CPU
		{FCF0D48F-1644-90D3-3B80-0E8959BCB028}.Debug|Any CPU.Build.0 = Debug|Any CPU
		{FCF0D48F-1644-90D3-3B80-0E8959BCB028}.Release|Any CPU.ActiveCfg = Release|Any CPU
		{FCF0D48F-1644-90D3-3B80-0E8959BCB028}.Release|Any CPU.Build.0 = Release|Any CPU
		{87D01C4E-A54C-0940-5D9F-510E609ABDD7}.Debug|Any CPU.ActiveCfg = Debug|Any CPU
		{87D01C4E-A54C-0940-5D9F-510E609ABDD7}.Debug|Any CPU.Build.0 = Debug|Any CPU
		{87D01C4E-A54C-0940-5D9F-510E609ABDD7}.Release|Any CPU.ActiveCfg = Release|Any CPU
		{87D01C4E-A54C-0940-5D9F-510E609ABDD7}.Release|Any CPU.Build.0 = Release|Any CPU
		{2F4A68FF-EB2C-CF15-9EF0-BDB8056AB129}.Debug|Any CPU.ActiveCfg = Debug|Any CPU
		{2F4A68FF-EB2C-CF15-9EF0-BDB8056AB129}.Debug|Any CPU.Build.0 = Debug|Any CPU
		{2F4A68FF-EB2C-CF15-9EF0-BDB8056AB129}.Release|Any CPU.ActiveCfg = Release|Any CPU
		{2F4A68FF-EB2C-CF15-9EF0-BDB8056AB129}.Release|Any CPU.Build.0 = Release|Any CPU
		{FB8072FF-83E1-2ECE-1CE0-10D6B966075B}.Debug|Any CPU.ActiveCfg = Debug|Any CPU
		{FB8072FF-83E1-2ECE-1CE0-10D6B966075B}.Debug|Any CPU.Build.0 = Debug|Any CPU
		{FB8072FF-83E1-2ECE-1CE0-10D6B966075B}.Release|Any CPU.ActiveCfg = Release|Any CPU
		{FB8072FF-83E1-2ECE-1CE0-10D6B966075B}.Release|Any CPU.Build.0 = Release|Any CPU
		{9AAC3EDE-59B4-CBEF-28D6-1AF7993239B9}.Debug|Any CPU.ActiveCfg = Debug|Any CPU
		{9AAC3EDE-59B4-CBEF-28D6-1AF7993239B9}.Debug|Any CPU.Build.0 = Debug|Any CPU
		{9AAC3EDE-59B4-CBEF-28D6-1AF7993239B9}.Release|Any CPU.ActiveCfg = Release|Any CPU
		{9AAC3EDE-59B4-CBEF-28D6-1AF7993239B9}.Release|Any CPU.Build.0 = Release|Any CPU
		{6FBBB481-5F0B-DF66-8551-0DFA72C793A7}.Debug|Any CPU.ActiveCfg = Debug|Any CPU
		{6FBBB481-5F0B-DF66-8551-0DFA72C793A7}.Debug|Any CPU.Build.0 = Debug|Any CPU
		{6FBBB481-5F0B-DF66-8551-0DFA72C793A7}.Release|Any CPU.ActiveCfg = Release|Any CPU
		{6FBBB481-5F0B-DF66-8551-0DFA72C793A7}.Release|Any CPU.Build.0 = Release|Any CPU
		{8F5F693C-EDA0-207B-E027-5D6CFB54DA8A}.Debug|Any CPU.ActiveCfg = Debug|Any CPU
		{8F5F693C-EDA0-207B-E027-5D6CFB54DA8A}.Debug|Any CPU.Build.0 = Debug|Any CPU
		{8F5F693C-EDA0-207B-E027-5D6CFB54DA8A}.Release|Any CPU.ActiveCfg = Release|Any CPU
		{8F5F693C-EDA0-207B-E027-5D6CFB54DA8A}.Release|Any CPU.Build.0 = Release|Any CPU
		{4B546225-1CAC-10B1-3E2B-84EE25C06FBB}.Debug|Any CPU.ActiveCfg = Debug|Any CPU
		{4B546225-1CAC-10B1-3E2B-84EE25C06FBB}.Debug|Any CPU.Build.0 = Debug|Any CPU
		{4B546225-1CAC-10B1-3E2B-84EE25C06FBB}.Release|Any CPU.ActiveCfg = Release|Any CPU
		{4B546225-1CAC-10B1-3E2B-84EE25C06FBB}.Release|Any CPU.Build.0 = Release|Any CPU
		{2484213A-7BFB-878C-AF42-93EC5158C00D}.Debug|Any CPU.ActiveCfg = Debug|Any CPU
		{2484213A-7BFB-878C-AF42-93EC5158C00D}.Debug|Any CPU.Build.0 = Debug|Any CPU
		{2484213A-7BFB-878C-AF42-93EC5158C00D}.Release|Any CPU.ActiveCfg = Release|Any CPU
		{2484213A-7BFB-878C-AF42-93EC5158C00D}.Release|Any CPU.Build.0 = Release|Any CPU
		{1A03E31C-1B26-56B3-E787-FC5FFBC877D2}.Debug|Any CPU.ActiveCfg = Debug|Any CPU
		{1A03E31C-1B26-56B3-E787-FC5FFBC877D2}.Debug|Any CPU.Build.0 = Debug|Any CPU
		{1A03E31C-1B26-56B3-E787-FC5FFBC877D2}.Release|Any CPU.ActiveCfg = Release|Any CPU
		{1A03E31C-1B26-56B3-E787-FC5FFBC877D2}.Release|Any CPU.Build.0 = Release|Any CPU
		{73743FF5-5F6B-8A45-CFA5-F7999F064EC9}.Debug|Any CPU.ActiveCfg = Debug|Any CPU
		{73743FF5-5F6B-8A45-CFA5-F7999F064EC9}.Debug|Any CPU.Build.0 = Debug|Any CPU
		{73743FF5-5F6B-8A45-CFA5-F7999F064EC9}.Release|Any CPU.ActiveCfg = Release|Any CPU
		{73743FF5-5F6B-8A45-CFA5-F7999F064EC9}.Release|Any CPU.Build.0 = Release|Any CPU
		{3EAB3CA5-69DB-337E-7FF4-C0DA14498084}.Debug|Any CPU.ActiveCfg = Debug|Any CPU
		{3EAB3CA5-69DB-337E-7FF4-C0DA14498084}.Debug|Any CPU.Build.0 = Debug|Any CPU
		{3EAB3CA5-69DB-337E-7FF4-C0DA14498084}.Release|Any CPU.ActiveCfg = Release|Any CPU
		{3EAB3CA5-69DB-337E-7FF4-C0DA14498084}.Release|Any CPU.Build.0 = Release|Any CPU
		{A43D2C67-1855-A9B2-273D-49B973829BE2}.Debug|Any CPU.ActiveCfg = Debug|Any CPU
		{A43D2C67-1855-A9B2-273D-49B973829BE2}.Debug|Any CPU.Build.0 = Debug|Any CPU
		{A43D2C67-1855-A9B2-273D-49B973829BE2}.Release|Any CPU.ActiveCfg = Release|Any CPU
		{A43D2C67-1855-A9B2-273D-49B973829BE2}.Release|Any CPU.Build.0 = Release|Any CPU
		{667D5C7E-C959-B682-E230-EACC18DB07D0}.Debug|Any CPU.ActiveCfg = Debug|Any CPU
		{667D5C7E-C959-B682-E230-EACC18DB07D0}.Debug|Any CPU.Build.0 = Debug|Any CPU
		{667D5C7E-C959-B682-E230-EACC18DB07D0}.Release|Any CPU.ActiveCfg = Release|Any CPU
		{667D5C7E-C959-B682-E230-EACC18DB07D0}.Release|Any CPU.Build.0 = Release|Any CPU
		{B5FE13C6-796F-8DDE-B0A2-10A6D7CC2B7C}.Debug|Any CPU.ActiveCfg = Debug|Any CPU
		{B5FE13C6-796F-8DDE-B0A2-10A6D7CC2B7C}.Debug|Any CPU.Build.0 = Debug|Any CPU
		{B5FE13C6-796F-8DDE-B0A2-10A6D7CC2B7C}.Release|Any CPU.ActiveCfg = Release|Any CPU
		{B5FE13C6-796F-8DDE-B0A2-10A6D7CC2B7C}.Release|Any CPU.Build.0 = Release|Any CPU
		{01C7EF0D-4242-198C-96CA-F416345C7A22}.Debug|Any CPU.ActiveCfg = Debug|Any CPU
		{01C7EF0D-4242-198C-96CA-F416345C7A22}.Debug|Any CPU.Build.0 = Debug|Any CPU
		{01C7EF0D-4242-198C-96CA-F416345C7A22}.Release|Any CPU.ActiveCfg = Release|Any CPU
		{01C7EF0D-4242-198C-96CA-F416345C7A22}.Release|Any CPU.Build.0 = Release|Any CPU
		{C1B4B5A8-7E8D-805F-2BAF-F286B3520FAF}.Debug|Any CPU.ActiveCfg = Debug|Any CPU
		{C1B4B5A8-7E8D-805F-2BAF-F286B3520FAF}.Debug|Any CPU.Build.0 = Debug|Any CPU
		{C1B4B5A8-7E8D-805F-2BAF-F286B3520FAF}.Release|Any CPU.ActiveCfg = Release|Any CPU
		{C1B4B5A8-7E8D-805F-2BAF-F286B3520FAF}.Release|Any CPU.Build.0 = Release|Any CPU
		{FEF3BC82-CC36-63AD-AA05-209070B7CC68}.Debug|Any CPU.ActiveCfg = Debug|Any CPU
		{FEF3BC82-CC36-63AD-AA05-209070B7CC68}.Debug|Any CPU.Build.0 = Debug|Any CPU
		{FEF3BC82-CC36-63AD-AA05-209070B7CC68}.Release|Any CPU.ActiveCfg = Release|Any CPU
		{FEF3BC82-CC36-63AD-AA05-209070B7CC68}.Release|Any CPU.Build.0 = Release|Any CPU
		{A9760D26-7D68-F0F2-706D-62F11A050402}.Debug|Any CPU.ActiveCfg = Debug|Any CPU
		{A9760D26-7D68-F0F2-706D-62F11A050402}.Debug|Any CPU.Build.0 = Debug|Any CPU
		{A9760D26-7D68-F0F2-706D-62F11A050402}.Release|Any CPU.ActiveCfg = Release|Any CPU
		{A9760D26-7D68-F0F2-706D-62F11A050402}.Release|Any CPU.Build.0 = Release|Any CPU
		{6F5D0AFC-C3FC-757D-79A1-A0175D42DC42}.Debug|Any CPU.ActiveCfg = Debug|Any CPU
		{6F5D0AFC-C3FC-757D-79A1-A0175D42DC42}.Debug|Any CPU.Build.0 = Debug|Any CPU
		{6F5D0AFC-C3FC-757D-79A1-A0175D42DC42}.Release|Any CPU.ActiveCfg = Release|Any CPU
		{6F5D0AFC-C3FC-757D-79A1-A0175D42DC42}.Release|Any CPU.Build.0 = Release|Any CPU
		{AD353577-AD2A-6542-8DEC-9F965B788DA2}.Debug|Any CPU.ActiveCfg = Debug|Any CPU
		{AD353577-AD2A-6542-8DEC-9F965B788DA2}.Debug|Any CPU.Build.0 = Debug|Any CPU
		{AD353577-AD2A-6542-8DEC-9F965B788DA2}.Release|Any CPU.ActiveCfg = Release|Any CPU
		{AD353577-AD2A-6542-8DEC-9F965B788DA2}.Release|Any CPU.Build.0 = Release|Any CPU
		{6FB71A91-EC06-F907-C045-264B15C29E01}.Debug|Any CPU.ActiveCfg = Debug|Any CPU
		{6FB71A91-EC06-F907-C045-264B15C29E01}.Debug|Any CPU.Build.0 = Debug|Any CPU
		{6FB71A91-EC06-F907-C045-264B15C29E01}.Release|Any CPU.ActiveCfg = Release|Any CPU
		{6FB71A91-EC06-F907-C045-264B15C29E01}.Release|Any CPU.Build.0 = Release|Any CPU
		{88062D9A-A411-C90A-FA80-7FFF4F66AF84}.Debug|Any CPU.ActiveCfg = Debug|Any CPU
		{88062D9A-A411-C90A-FA80-7FFF4F66AF84}.Debug|Any CPU.Build.0 = Debug|Any CPU
		{88062D9A-A411-C90A-FA80-7FFF4F66AF84}.Release|Any CPU.ActiveCfg = Release|Any CPU
		{88062D9A-A411-C90A-FA80-7FFF4F66AF84}.Release|Any CPU.Build.0 = Release|Any CPU
		{0D3D9537-9351-A3C0-ADE2-575A2A4D905D}.Debug|Any CPU.ActiveCfg = Debug|Any CPU
		{0D3D9537-9351-A3C0-ADE2-575A2A4D905D}.Debug|Any CPU.Build.0 = Debug|Any CPU
		{0D3D9537-9351-A3C0-ADE2-575A2A4D905D}.Release|Any CPU.ActiveCfg = Release|Any CPU
		{0D3D9537-9351-A3C0-ADE2-575A2A4D905D}.Release|Any CPU.Build.0 = Release|Any CPU
		{A895BEB1-5391-C957-06CF-77B17EB6B281}.Debug|Any CPU.ActiveCfg = Debug|Any CPU
		{A895BEB1-5391-C957-06CF-77B17EB6B281}.Debug|Any CPU.Build.0 = Debug|Any CPU
		{A895BEB1-5391-C957-06CF-77B17EB6B281}.Release|Any CPU.ActiveCfg = Release|Any CPU
		{A895BEB1-5391-C957-06CF-77B17EB6B281}.Release|Any CPU.Build.0 = Release|Any CPU
		{BC64E8AA-11EF-F7B8-A91E-B3A3EC660872}.Debug|Any CPU.ActiveCfg = Debug|Any CPU
		{BC64E8AA-11EF-F7B8-A91E-B3A3EC660872}.Debug|Any CPU.Build.0 = Debug|Any CPU
		{BC64E8AA-11EF-F7B8-A91E-B3A3EC660872}.Release|Any CPU.ActiveCfg = Release|Any CPU
		{BC64E8AA-11EF-F7B8-A91E-B3A3EC660872}.Release|Any CPU.Build.0 = Release|Any CPU
		{3FF3E127-3CBD-5AC2-4FDB-7641FEBC8794}.Debug|Any CPU.ActiveCfg = Debug|Any CPU
		{3FF3E127-3CBD-5AC2-4FDB-7641FEBC8794}.Debug|Any CPU.Build.0 = Debug|Any CPU
		{3FF3E127-3CBD-5AC2-4FDB-7641FEBC8794}.Release|Any CPU.ActiveCfg = Release|Any CPU
		{3FF3E127-3CBD-5AC2-4FDB-7641FEBC8794}.Release|Any CPU.Build.0 = Release|Any CPU
	EndGlobalSection
	GlobalSection(SolutionProperties) = preSolution
		HideSolutionNode = FALSE
	EndGlobalSection
EndGlobal
